// !$*UTF8*$!
{
	archiveVersion = 1;
	classes = {
	};
	objectVersion = 52;
	objects = {

/* Begin PBXBuildFile section */
		CFA43C0824824251001FA94D /* AppDelegate.swift in Sources */ = {isa = PBXBuildFile; fileRef = CFA43C0724824251001FA94D /* AppDelegate.swift */; };
		CFA43C0A24824251001FA94D /* SceneDelegate.swift in Sources */ = {isa = PBXBuildFile; fileRef = CFA43C0924824251001FA94D /* SceneDelegate.swift */; };
		CFA43C0C24824251001FA94D /* ContentView.swift in Sources */ = {isa = PBXBuildFile; fileRef = CFA43C0B24824251001FA94D /* ContentView.swift */; };
		CFA43C0E24824253001FA94D /* Assets.xcassets in Resources */ = {isa = PBXBuildFile; fileRef = CFA43C0D24824253001FA94D /* Assets.xcassets */; };
		CFA43C1124824253001FA94D /* Preview Assets.xcassets in Resources */ = {isa = PBXBuildFile; fileRef = CFA43C1024824253001FA94D /* Preview Assets.xcassets */; };
		CFA43C1424824253001FA94D /* LaunchScreen.storyboard in Resources */ = {isa = PBXBuildFile; fileRef = CFA43C1224824253001FA94D /* LaunchScreen.storyboard */; };
		CFA43C1D248245F7001FA94D /* Data.swift in Sources */ = {isa = PBXBuildFile; fileRef = CFA43C1C248245F7001FA94D /* Data.swift */; };
		CFA43C1F24824631001FA94D /* Video.swift in Sources */ = {isa = PBXBuildFile; fileRef = CFA43C1E24824631001FA94D /* Video.swift */; };
		CFA43C22248247CD001FA94D /* videos.json in Resources */ = {isa = PBXBuildFile; fileRef = CFA43C21248247CD001FA94D /* videos.json */; };
		CFA43C242482488C001FA94D /* VideoRow.swift in Sources */ = {isa = PBXBuildFile; fileRef = CFA43C232482488C001FA94D /* VideoRow.swift */; };
		CFA43C2624824C4F001FA94D /* UserData.swift in Sources */ = {isa = PBXBuildFile; fileRef = CFA43C2524824C4F001FA94D /* UserData.swift */; };
		CFA43C2824824D5D001FA94D /* VideoList.swift in Sources */ = {isa = PBXBuildFile; fileRef = CFA43C2724824D5D001FA94D /* VideoList.swift */; };
		CFA43C2A24824F59001FA94D /* ObjectRow.swift in Sources */ = {isa = PBXBuildFile; fileRef = CFA43C2924824F59001FA94D /* ObjectRow.swift */; };
		CFA43C2C248254D4001FA94D /* ObjectList.swift in Sources */ = {isa = PBXBuildFile; fileRef = CFA43C2B248254D4001FA94D /* ObjectList.swift */; };
		CFA43C2E24825D7C001FA94D /* ObjectDetail.swift in Sources */ = {isa = PBXBuildFile; fileRef = CFA43C2D24825D7C001FA94D /* ObjectDetail.swift */; };
		CFA43C3524826203001FA94D /* IMG_1516.jpg in Resources */ = {isa = PBXBuildFile; fileRef = CFA43C2F24826202001FA94D /* IMG_1516.jpg */; };
		CFA43C3624826203001FA94D /* IMG_4238.JPG in Resources */ = {isa = PBXBuildFile; fileRef = CFA43C3024826202001FA94D /* IMG_4238.JPG */; };
		CFA43C3724826203001FA94D /* IMG_1529.jpg in Resources */ = {isa = PBXBuildFile; fileRef = CFA43C3124826202001FA94D /* IMG_1529.jpg */; };
		CFA43C3824826203001FA94D /* IMG_1517.jpg in Resources */ = {isa = PBXBuildFile; fileRef = CFA43C3224826203001FA94D /* IMG_1517.jpg */; };
		CFA43C3924826203001FA94D /* IMG_1530.jpg in Resources */ = {isa = PBXBuildFile; fileRef = CFA43C3324826203001FA94D /* IMG_1530.jpg */; };
		CFA43C3A24826203001FA94D /* IMG_1518.jpg in Resources */ = {isa = PBXBuildFile; fileRef = CFA43C3424826203001FA94D /* IMG_1518.jpg */; };
		CFA43C3D24826A56001FA94D /* MapView.swift in Sources */ = {isa = PBXBuildFile; fileRef = CFA43C3C24826A56001FA94D /* MapView.swift */; };
		CFA43C402482B163001FA94D /* Alamofire in Frameworks */ = {isa = PBXBuildFile; productRef = CFA43C3F2482B163001FA94D /* Alamofire */; };
/* End PBXBuildFile section */

/* Begin PBXFileReference section */
		CFA43C0424824251001FA94D /* MasterDrone.app */ = {isa = PBXFileReference; explicitFileType = wrapper.application; includeInIndex = 0; path = MasterDrone.app; sourceTree = BUILT_PRODUCTS_DIR; };
		CFA43C0724824251001FA94D /* AppDelegate.swift */ = {isa = PBXFileReference; lastKnownFileType = sourcecode.swift; path = AppDelegate.swift; sourceTree = "<group>"; };
		CFA43C0924824251001FA94D /* SceneDelegate.swift */ = {isa = PBXFileReference; lastKnownFileType = sourcecode.swift; path = SceneDelegate.swift; sourceTree = "<group>"; };
		CFA43C0B24824251001FA94D /* ContentView.swift */ = {isa = PBXFileReference; lastKnownFileType = sourcecode.swift; path = ContentView.swift; sourceTree = "<group>"; };
		CFA43C0D24824253001FA94D /* Assets.xcassets */ = {isa = PBXFileReference; lastKnownFileType = folder.assetcatalog; path = Assets.xcassets; sourceTree = "<group>"; };
		CFA43C1024824253001FA94D /* Preview Assets.xcassets */ = {isa = PBXFileReference; lastKnownFileType = folder.assetcatalog; path = "Preview Assets.xcassets"; sourceTree = "<group>"; };
		CFA43C1324824253001FA94D /* Base */ = {isa = PBXFileReference; lastKnownFileType = file.storyboard; name = Base; path = Base.lproj/LaunchScreen.storyboard; sourceTree = "<group>"; };
		CFA43C1524824253001FA94D /* Info.plist */ = {isa = PBXFileReference; lastKnownFileType = text.plist.xml; path = Info.plist; sourceTree = "<group>"; };
		CFA43C1C248245F7001FA94D /* Data.swift */ = {isa = PBXFileReference; lastKnownFileType = sourcecode.swift; path = Data.swift; sourceTree = "<group>"; };
		CFA43C1E24824631001FA94D /* Video.swift */ = {isa = PBXFileReference; lastKnownFileType = sourcecode.swift; path = Video.swift; sourceTree = "<group>"; };
		CFA43C21248247CD001FA94D /* videos.json */ = {isa = PBXFileReference; lastKnownFileType = text.json; path = videos.json; sourceTree = "<group>"; };
		CFA43C232482488C001FA94D /* VideoRow.swift */ = {isa = PBXFileReference; lastKnownFileType = sourcecode.swift; path = VideoRow.swift; sourceTree = "<group>"; };
		CFA43C2524824C4F001FA94D /* UserData.swift */ = {isa = PBXFileReference; lastKnownFileType = sourcecode.swift; path = UserData.swift; sourceTree = "<group>"; };
		CFA43C2724824D5D001FA94D /* VideoList.swift */ = {isa = PBXFileReference; lastKnownFileType = sourcecode.swift; path = VideoList.swift; sourceTree = "<group>"; };
		CFA43C2924824F59001FA94D /* ObjectRow.swift */ = {isa = PBXFileReference; lastKnownFileType = sourcecode.swift; path = ObjectRow.swift; sourceTree = "<group>"; };
		CFA43C2B248254D4001FA94D /* ObjectList.swift */ = {isa = PBXFileReference; lastKnownFileType = sourcecode.swift; path = ObjectList.swift; sourceTree = "<group>"; };
		CFA43C2D24825D7C001FA94D /* ObjectDetail.swift */ = {isa = PBXFileReference; lastKnownFileType = sourcecode.swift; path = ObjectDetail.swift; sourceTree = "<group>"; };
		CFA43C2F24826202001FA94D /* IMG_1516.jpg */ = {isa = PBXFileReference; lastKnownFileType = image.jpeg; path = IMG_1516.jpg; sourceTree = "<group>"; };
		CFA43C3024826202001FA94D /* IMG_4238.JPG */ = {isa = PBXFileReference; lastKnownFileType = image.jpeg; path = IMG_4238.JPG; sourceTree = "<group>"; };
		CFA43C3124826202001FA94D /* IMG_1529.jpg */ = {isa = PBXFileReference; lastKnownFileType = image.jpeg; path = IMG_1529.jpg; sourceTree = "<group>"; };
		CFA43C3224826203001FA94D /* IMG_1517.jpg */ = {isa = PBXFileReference; lastKnownFileType = image.jpeg; path = IMG_1517.jpg; sourceTree = "<group>"; };
		CFA43C3324826203001FA94D /* IMG_1530.jpg */ = {isa = PBXFileReference; lastKnownFileType = image.jpeg; path = IMG_1530.jpg; sourceTree = "<group>"; };
		CFA43C3424826203001FA94D /* IMG_1518.jpg */ = {isa = PBXFileReference; lastKnownFileType = image.jpeg; path = IMG_1518.jpg; sourceTree = "<group>"; };
		CFA43C3C24826A56001FA94D /* MapView.swift */ = {isa = PBXFileReference; lastKnownFileType = sourcecode.swift; path = MapView.swift; sourceTree = "<group>"; };
/* End PBXFileReference section */

/* Begin PBXFrameworksBuildPhase section */
		CFA43C0124824251001FA94D /* Frameworks */ = {
			isa = PBXFrameworksBuildPhase;
			buildActionMask = 2147483647;
			files = (
				CFA43C402482B163001FA94D /* Alamofire in Frameworks */,
			);
			runOnlyForDeploymentPostprocessing = 0;
		};
/* End PBXFrameworksBuildPhase section */

/* Begin PBXGroup section */
		CFA43BFB24824251001FA94D = {
			isa = PBXGroup;
			children = (
				CFA43C0624824251001FA94D /* MasterDrone */,
				CFA43C0524824251001FA94D /* Products */,
			);
			sourceTree = "<group>";
		};
		CFA43C0524824251001FA94D /* Products */ = {
			isa = PBXGroup;
			children = (
				CFA43C0424824251001FA94D /* MasterDrone.app */,
			);
			name = Products;
			sourceTree = "<group>";
		};
		CFA43C0624824251001FA94D /* MasterDrone */ = {
			isa = PBXGroup;
			children = (
				CFA43C1B248245DB001FA94D /* Models */,
				CFA43C0724824251001FA94D /* AppDelegate.swift */,
				CFA43C0924824251001FA94D /* SceneDelegate.swift */,
				CFA43C232482488C001FA94D /* VideoRow.swift */,
				CFA43C2724824D5D001FA94D /* VideoList.swift */,
				CFA43C2924824F59001FA94D /* ObjectRow.swift */,
				CFA43C2B248254D4001FA94D /* ObjectList.swift */,
				CFA43C2D24825D7C001FA94D /* ObjectDetail.swift */,
				CFA43C0B24824251001FA94D /* ContentView.swift */,
				CFA43C3B24826A2B001FA94D /* Supporting Views */,
				CFA43C2024824780001FA94D /* Resources */,
				CFA43C0D24824253001FA94D /* Assets.xcassets */,
				CFA43C1224824253001FA94D /* LaunchScreen.storyboard */,
				CFA43C1524824253001FA94D /* Info.plist */,
				CFA43C0F24824253001FA94D /* Preview Content */,
			);
			path = MasterDrone;
			sourceTree = "<group>";
		};
		CFA43C0F24824253001FA94D /* Preview Content */ = {
			isa = PBXGroup;
			children = (
				CFA43C1024824253001FA94D /* Preview Assets.xcassets */,
			);
			path = "Preview Content";
			sourceTree = "<group>";
		};
		CFA43C1B248245DB001FA94D /* Models */ = {
			isa = PBXGroup;
			children = (
				CFA43C1C248245F7001FA94D /* Data.swift */,
				CFA43C2524824C4F001FA94D /* UserData.swift */,
				CFA43C1E24824631001FA94D /* Video.swift */,
			);
			path = Models;
			sourceTree = "<group>";
		};
		CFA43C2024824780001FA94D /* Resources */ = {
			isa = PBXGroup;
			children = (
				CFA43C2F24826202001FA94D /* IMG_1516.jpg */,
				CFA43C3224826203001FA94D /* IMG_1517.jpg */,
				CFA43C3424826203001FA94D /* IMG_1518.jpg */,
				CFA43C3124826202001FA94D /* IMG_1529.jpg */,
				CFA43C3324826203001FA94D /* IMG_1530.jpg */,
				CFA43C3024826202001FA94D /* IMG_4238.JPG */,
				CFA43C21248247CD001FA94D /* videos.json */,
			);
			path = Resources;
			sourceTree = "<group>";
		};
		CFA43C3B24826A2B001FA94D /* Supporting Views */ = {
			isa = PBXGroup;
			children = (
				CFA43C3C24826A56001FA94D /* MapView.swift */,
			);
			path = "Supporting Views";
			sourceTree = "<group>";
		};
/* End PBXGroup section */

/* Begin PBXNativeTarget section */
		CFA43C0324824251001FA94D /* MasterDrone */ = {
			isa = PBXNativeTarget;
			buildConfigurationList = CFA43C1824824253001FA94D /* Build configuration list for PBXNativeTarget "MasterDrone" */;
			buildPhases = (
				CFA43C0024824251001FA94D /* Sources */,
				CFA43C0124824251001FA94D /* Frameworks */,
				CFA43C0224824251001FA94D /* Resources */,
			);
			buildRules = (
			);
			dependencies = (
			);
			name = MasterDrone;
			packageProductDependencies = (
				CFA43C3F2482B163001FA94D /* Alamofire */,
			);
			productName = MasterDrone;
			productReference = CFA43C0424824251001FA94D /* MasterDrone.app */;
			productType = "com.apple.product-type.application";
		};
/* End PBXNativeTarget section */

/* Begin PBXProject section */
		CFA43BFC24824251001FA94D /* Project object */ = {
			isa = PBXProject;
			attributes = {
				LastSwiftUpdateCheck = 1150;
				LastUpgradeCheck = 1150;
				ORGANIZATIONNAME = chaowen;
				TargetAttributes = {
					CFA43C0324824251001FA94D = {
						CreatedOnToolsVersion = 11.5;
					};
				};
			};
			buildConfigurationList = CFA43BFF24824251001FA94D /* Build configuration list for PBXProject "MasterDrone" */;
			compatibilityVersion = "Xcode 9.3";
			developmentRegion = en;
			hasScannedForEncodings = 0;
			knownRegions = (
				en,
				Base,
			);
			mainGroup = CFA43BFB24824251001FA94D;
			packageReferences = (
				CFA43C3E2482B163001FA94D /* XCRemoteSwiftPackageReference "Alamofire" */,
			);
			productRefGroup = CFA43C0524824251001FA94D /* Products */;
			projectDirPath = "";
			projectRoot = "";
			targets = (
				CFA43C0324824251001FA94D /* MasterDrone */,
			);
		};
/* End PBXProject section */

/* Begin PBXResourcesBuildPhase section */
		CFA43C0224824251001FA94D /* Resources */ = {
			isa = PBXResourcesBuildPhase;
			buildActionMask = 2147483647;
			files = (
				CFA43C1424824253001FA94D /* LaunchScreen.storyboard in Resources */,
				CFA43C3524826203001FA94D /* IMG_1516.jpg in Resources */,
				CFA43C3724826203001FA94D /* IMG_1529.jpg in Resources */,
				CFA43C3624826203001FA94D /* IMG_4238.JPG in Resources */,
				CFA43C3924826203001FA94D /* IMG_1530.jpg in Resources */,
				CFA43C22248247CD001FA94D /* videos.json in Resources */,
				CFA43C3A24826203001FA94D /* IMG_1518.jpg in Resources */,
				CFA43C3824826203001FA94D /* IMG_1517.jpg in Resources */,
				CFA43C1124824253001FA94D /* Preview Assets.xcassets in Resources */,
				CFA43C0E24824253001FA94D /* Assets.xcassets in Resources */,
			);
			runOnlyForDeploymentPostprocessing = 0;
		};
/* End PBXResourcesBuildPhase section */

/* Begin PBXSourcesBuildPhase section */
		CFA43C0024824251001FA94D /* Sources */ = {
			isa = PBXSourcesBuildPhase;
			buildActionMask = 2147483647;
			files = (
				CFA43C0824824251001FA94D /* AppDelegate.swift in Sources */,
				CFA43C3D24826A56001FA94D /* MapView.swift in Sources */,
				CFA43C2A24824F59001FA94D /* ObjectRow.swift in Sources */,
				CFA43C0A24824251001FA94D /* SceneDelegate.swift in Sources */,
				CFA43C2624824C4F001FA94D /* UserData.swift in Sources */,
				CFA43C0C24824251001FA94D /* ContentView.swift in Sources */,
				CFA43C1D248245F7001FA94D /* Data.swift in Sources */,
				CFA43C2C248254D4001FA94D /* ObjectList.swift in Sources */,
				CFA43C2824824D5D001FA94D /* VideoList.swift in Sources */,
				CFA43C242482488C001FA94D /* VideoRow.swift in Sources */,
				CFA43C1F24824631001FA94D /* Video.swift in Sources */,
				CFA43C2E24825D7C001FA94D /* ObjectDetail.swift in Sources */,
			);
			runOnlyForDeploymentPostprocessing = 0;
		};
/* End PBXSourcesBuildPhase section */

/* Begin PBXVariantGroup section */
		CFA43C1224824253001FA94D /* LaunchScreen.storyboard */ = {
			isa = PBXVariantGroup;
			children = (
				CFA43C1324824253001FA94D /* Base */,
			);
			name = LaunchScreen.storyboard;
			sourceTree = "<group>";
		};
/* End PBXVariantGroup section */

/* Begin XCBuildConfiguration section */
		CFA43C1624824253001FA94D /* Debug */ = {
			isa = XCBuildConfiguration;
			buildSettings = {
				ALWAYS_SEARCH_USER_PATHS = NO;
				CLANG_ANALYZER_NONNULL = YES;
				CLANG_ANALYZER_NUMBER_OBJECT_CONVERSION = YES_AGGRESSIVE;
				CLANG_CXX_LANGUAGE_STANDARD = "gnu++14";
				CLANG_CXX_LIBRARY = "libc++";
				CLANG_ENABLE_MODULES = YES;
				CLANG_ENABLE_OBJC_ARC = YES;
				CLANG_ENABLE_OBJC_WEAK = YES;
				CLANG_WARN_BLOCK_CAPTURE_AUTORELEASING = YES;
				CLANG_WARN_BOOL_CONVERSION = YES;
				CLANG_WARN_COMMA = YES;
				CLANG_WARN_CONSTANT_CONVERSION = YES;
				CLANG_WARN_DEPRECATED_OBJC_IMPLEMENTATIONS = YES;
				CLANG_WARN_DIRECT_OBJC_ISA_USAGE = YES_ERROR;
				CLANG_WARN_DOCUMENTATION_COMMENTS = YES;
				CLANG_WARN_EMPTY_BODY = YES;
				CLANG_WARN_ENUM_CONVERSION = YES;
				CLANG_WARN_INFINITE_RECURSION = YES;
				CLANG_WARN_INT_CONVERSION = YES;
				CLANG_WARN_NON_LITERAL_NULL_CONVERSION = YES;
				CLANG_WARN_OBJC_IMPLICIT_RETAIN_SELF = YES;
				CLANG_WARN_OBJC_LITERAL_CONVERSION = YES;
				CLANG_WARN_OBJC_ROOT_CLASS = YES_ERROR;
				CLANG_WARN_RANGE_LOOP_ANALYSIS = YES;
				CLANG_WARN_STRICT_PROTOTYPES = YES;
				CLANG_WARN_SUSPICIOUS_MOVE = YES;
				CLANG_WARN_UNGUARDED_AVAILABILITY = YES_AGGRESSIVE;
				CLANG_WARN_UNREACHABLE_CODE = YES;
				CLANG_WARN__DUPLICATE_METHOD_MATCH = YES;
				COPY_PHASE_STRIP = NO;
				DEBUG_INFORMATION_FORMAT = dwarf;
				ENABLE_STRICT_OBJC_MSGSEND = YES;
				ENABLE_TESTABILITY = YES;
				GCC_C_LANGUAGE_STANDARD = gnu11;
				GCC_DYNAMIC_NO_PIC = NO;
				GCC_NO_COMMON_BLOCKS = YES;
				GCC_OPTIMIZATION_LEVEL = 0;
				GCC_PREPROCESSOR_DEFINITIONS = (
					"DEBUG=1",
					"$(inherited)",
				);
				GCC_WARN_64_TO_32_BIT_CONVERSION = YES;
				GCC_WARN_ABOUT_RETURN_TYPE = YES_ERROR;
				GCC_WARN_UNDECLARED_SELECTOR = YES;
				GCC_WARN_UNINITIALIZED_AUTOS = YES_AGGRESSIVE;
				GCC_WARN_UNUSED_FUNCTION = YES;
				GCC_WARN_UNUSED_VARIABLE = YES;
				IPHONEOS_DEPLOYMENT_TARGET = 13.5;
				MTL_ENABLE_DEBUG_INFO = INCLUDE_SOURCE;
				MTL_FAST_MATH = YES;
				ONLY_ACTIVE_ARCH = YES;
				SDKROOT = iphoneos;
				SWIFT_ACTIVE_COMPILATION_CONDITIONS = DEBUG;
				SWIFT_OPTIMIZATION_LEVEL = "-Onone";
			};
			name = Debug;
		};
		CFA43C1724824253001FA94D /* Release */ = {
			isa = XCBuildConfiguration;
			buildSettings = {
				ALWAYS_SEARCH_USER_PATHS = NO;
				CLANG_ANALYZER_NONNULL = YES;
				CLANG_ANALYZER_NUMBER_OBJECT_CONVERSION = YES_AGGRESSIVE;
				CLANG_CXX_LANGUAGE_STANDARD = "gnu++14";
				CLANG_CXX_LIBRARY = "libc++";
				CLANG_ENABLE_MODULES = YES;
				CLANG_ENABLE_OBJC_ARC = YES;
				CLANG_ENABLE_OBJC_WEAK = YES;
				CLANG_WARN_BLOCK_CAPTURE_AUTORELEASING = YES;
				CLANG_WARN_BOOL_CONVERSION = YES;
				CLANG_WARN_COMMA = YES;
				CLANG_WARN_CONSTANT_CONVERSION = YES;
				CLANG_WARN_DEPRECATED_OBJC_IMPLEMENTATIONS = YES;
				CLANG_WARN_DIRECT_OBJC_ISA_USAGE = YES_ERROR;
				CLANG_WARN_DOCUMENTATION_COMMENTS = YES;
				CLANG_WARN_EMPTY_BODY = YES;
				CLANG_WARN_ENUM_CONVERSION = YES;
				CLANG_WARN_INFINITE_RECURSION = YES;
				CLANG_WARN_INT_CONVERSION = YES;
				CLANG_WARN_NON_LITERAL_NULL_CONVERSION = YES;
				CLANG_WARN_OBJC_IMPLICIT_RETAIN_SELF = YES;
				CLANG_WARN_OBJC_LITERAL_CONVERSION = YES;
				CLANG_WARN_OBJC_ROOT_CLASS = YES_ERROR;
				CLANG_WARN_RANGE_LOOP_ANALYSIS = YES;
				CLANG_WARN_STRICT_PROTOTYPES = YES;
				CLANG_WARN_SUSPICIOUS_MOVE = YES;
				CLANG_WARN_UNGUARDED_AVAILABILITY = YES_AGGRESSIVE;
				CLANG_WARN_UNREACHABLE_CODE = YES;
				CLANG_WARN__DUPLICATE_METHOD_MATCH = YES;
				COPY_PHASE_STRIP = NO;
				DEBUG_INFORMATION_FORMAT = "dwarf-with-dsym";
				ENABLE_NS_ASSERTIONS = NO;
				ENABLE_STRICT_OBJC_MSGSEND = YES;
				GCC_C_LANGUAGE_STANDARD = gnu11;
				GCC_NO_COMMON_BLOCKS = YES;
				GCC_WARN_64_TO_32_BIT_CONVERSION = YES;
				GCC_WARN_ABOUT_RETURN_TYPE = YES_ERROR;
				GCC_WARN_UNDECLARED_SELECTOR = YES;
				GCC_WARN_UNINITIALIZED_AUTOS = YES_AGGRESSIVE;
				GCC_WARN_UNUSED_FUNCTION = YES;
				GCC_WARN_UNUSED_VARIABLE = YES;
				IPHONEOS_DEPLOYMENT_TARGET = 13.5;
				MTL_ENABLE_DEBUG_INFO = NO;
				MTL_FAST_MATH = YES;
				SDKROOT = iphoneos;
				SWIFT_COMPILATION_MODE = wholemodule;
				SWIFT_OPTIMIZATION_LEVEL = "-O";
				VALIDATE_PRODUCT = YES;
			};
			name = Release;
		};
		CFA43C1924824253001FA94D /* Debug */ = {
			isa = XCBuildConfiguration;
			buildSettings = {
				ASSETCATALOG_COMPILER_APPICON_NAME = AppIcon;
				CODE_SIGN_STYLE = Automatic;
				DEVELOPMENT_ASSET_PATHS = "\"MasterDrone/Preview Content\"";
				DEVELOPMENT_TEAM = 55S7P6JUZH;
				ENABLE_PREVIEWS = YES;
				INFOPLIST_FILE = MasterDrone/Info.plist;
				LD_RUNPATH_SEARCH_PATHS = (
					"$(inherited)",
					"@executable_path/Frameworks",
				);
				PRODUCT_BUNDLE_IDENTIFIER = com.chaowen.MasterDrone;
				PRODUCT_NAME = "$(TARGET_NAME)";
				SWIFT_VERSION = 5.0;
				TARGETED_DEVICE_FAMILY = "1,2";
			};
			name = Debug;
		};
		CFA43C1A24824253001FA94D /* Release */ = {
			isa = XCBuildConfiguration;
			buildSettings = {
				ASSETCATALOG_COMPILER_APPICON_NAME = AppIcon;
				CODE_SIGN_STYLE = Automatic;
				DEVELOPMENT_ASSET_PATHS = "\"MasterDrone/Preview Content\"";
				DEVELOPMENT_TEAM = 55S7P6JUZH;
				ENABLE_PREVIEWS = YES;
				INFOPLIST_FILE = MasterDrone/Info.plist;
				LD_RUNPATH_SEARCH_PATHS = (
					"$(inherited)",
					"@executable_path/Frameworks",
				);
				PRODUCT_BUNDLE_IDENTIFIER = com.chaowen.MasterDrone;
				PRODUCT_NAME = "$(TARGET_NAME)";
				SWIFT_VERSION = 5.0;
				TARGETED_DEVICE_FAMILY = "1,2";
			};
			name = Release;
		};
/* End XCBuildConfiguration section */

/* Begin XCConfigurationList section */
		CFA43BFF24824251001FA94D /* Build configuration list for PBXProject "MasterDrone" */ = {
			isa = XCConfigurationList;
			buildConfigurations = (
				CFA43C1624824253001FA94D /* Debug */,
				CFA43C1724824253001FA94D /* Release */,
			);
			defaultConfigurationIsVisible = 0;
			defaultConfigurationName = Release;
		};
		CFA43C1824824253001FA94D /* Build configuration list for PBXNativeTarget "MasterDrone" */ = {
			isa = XCConfigurationList;
			buildConfigurations = (
				CFA43C1924824253001FA94D /* Debug */,
				CFA43C1A24824253001FA94D /* Release */,
			);
			defaultConfigurationIsVisible = 0;
			defaultConfigurationName = Release;
		};
/* End XCConfigurationList section */

/* Begin XCRemoteSwiftPackageReference section */
		CFA43C3E2482B163001FA94D /* XCRemoteSwiftPackageReference "Alamofire" */ = {
			isa = XCRemoteSwiftPackageReference;
			repositoryURL = "https://github.com/Alamofire/Alamofire.git";
			requirement = {
				kind = upToNextMinorVersion;
				minimumVersion = 5.2.1;
			};
		};
/* End XCRemoteSwiftPackageReference section */

/* Begin XCSwiftPackageProductDependency section */
		CFA43C3F2482B163001FA94D /* Alamofire */ = {
			isa = XCSwiftPackageProductDependency;
			package = CFA43C3E2482B163001FA94D /* XCRemoteSwiftPackageReference "Alamofire" */;
			productName = Alamofire;
		};
/* End XCSwiftPackageProductDependency section */
	};
	rootObject = CFA43BFC24824251001FA94D /* Project object */;
}
